
Microsoft Visual Studio Solution File, Format Version 12.00
# Visual Studio 15
VisualStudioVersion = 15.0.27130.2010
MinimumVisualStudioVersion = 10.0.40219.1
Project("{9A19103F-16F7-4668-BE54-9A1E7A4F7556}") = "ProductSpider.CLI", "Src\ProductSpider.CLI\ProductSpider.CLI.csproj", "{B7E0D35B-7D8E-4EAE-AB19-0967FD7304AD}"
EndProject
Project("{9A19103F-16F7-4668-BE54-9A1E7A4F7556}") = "ProductSpider.Models", "Src\ProductSpider.Models\ProductSpider.Models.csproj", "{BCA56289-FBFF-4DCC-B7D6-E9951EA74CDC}"
EndProject
Project("{9A19103F-16F7-4668-BE54-9A1E7A4F7556}") = "ProductSpider.Services", "Src\ProductSpider.Services\ProductSpider.Services.csproj", "{25F35F19-639C-4DF8-B705-B458A86EF92F}"
EndProject
Project("{9A19103F-16F7-4668-BE54-9A1E7A4F7556}") = "ProductSpider.Facades", "Src\ProductSpider.Facades\ProductSpider.Facades.csproj", "{1E3378F8-29B5-41D4-9E2C-938D8B2678C4}"
EndProject
Project("{2150E333-8FDC-42A3-9474-1A3956D46DE8}") = "Services", "Services", "{296E48EB-225B-48D7-B0AB-07ED32E94011}"
EndProject
Project("{2150E333-8FDC-42A3-9474-1A3956D46DE8}") = "Facades", "Facades", "{5BD47B4F-0F2E-4376-A0D5-1B922B17CA38}"
EndProject
Project("{9A19103F-16F7-4668-BE54-9A1E7A4F7556}") = "ProductSpider.Services.UnitTest", "Test\ProductSpider.Services.UnitTest\ProductSpider.Services.UnitTest.csproj", "{30C0231C-C4A1-45C1-BD4A-5C5F4BFC5024}"
EndProject
Project("{2150E333-8FDC-42A3-9474-1A3956D46DE8}") = "Tests", "Tests", "{36C5B3E2-A9C0-4E09-AD17-907675035A9C}"
EndProject
Global
	GlobalSection(SolutionConfigurationPlatforms) = preSolution
		Debug|Any CPU = Debug|Any CPU
		Release|Any CPU = Release|Any CPU
	EndGlobalSection
	GlobalSection(ProjectConfigurationPlatforms) = postSolution
		{B7E0D35B-7D8E-4EAE-AB19-0967FD7304AD}.Debug|Any CPU.ActiveCfg = Debug|Any CPU
		{B7E0D35B-7D8E-4EAE-AB19-0967FD7304AD}.Debug|Any CPU.Build.0 = Debug|Any CPU
		{B7E0D35B-7D8E-4EAE-AB19-0967FD7304AD}.Release|Any CPU.ActiveCfg = Release|Any CPU
		{B7E0D35B-7D8E-4EAE-AB19-0967FD7304AD}.Release|Any CPU.Build.0 = Release|Any CPU
		{BCA56289-FBFF-4DCC-B7D6-E9951EA74CDC}.Debug|Any CPU.ActiveCfg = Debug|Any CPU
		{BCA56289-FBFF-4DCC-B7D6-E9951EA74CDC}.Debug|Any CPU.Build.0 = Debug|Any CPU
		{BCA56289-FBFF-4DCC-B7D6-E9951EA74CDC}.Release|Any CPU.ActiveCfg = Release|Any CPU
		{BCA56289-FBFF-4DCC-B7D6-E9951EA74CDC}.Release|Any CPU.Build.0 = Release|Any CPU
		{25F35F19-639C-4DF8-B705-B458A86EF92F}.Debug|Any CPU.ActiveCfg = Debug|Any CPU
		{25F35F19-639C-4DF8-B705-B458A86EF92F}.Debug|Any CPU.Build.0 = Debug|Any CPU
		{25F35F19-639C-4DF8-B705-B458A86EF92F}.Release|Any CPU.ActiveCfg = Release|Any CPU
		{25F35F19-639C-4DF8-B705-B458A86EF92F}.Release|Any CPU.Build.0 = Release|Any CPU
		{1E3378F8-29B5-41D4-9E2C-938D8B2678C4}.Debug|Any CPU.ActiveCfg = Debug|Any CPU
		{1E3378F8-29B5-41D4-9E2C-938D8B2678C4}.Debug|Any CPU.Build.0 = Debug|Any CPU
		{1E3378F8-29B5-41D4-9E2C-938D8B2678C4}.Release|Any CPU.ActiveCfg = Release|Any CPU
		{1E3378F8-29B5-41D4-9E2C-938D8B2678C4}.Release|Any CPU.Build.0 = Release|Any CPU
		{30C0231C-C4A1-45C1-BD4A-5C5F4BFC5024}.Debug|Any CPU.ActiveCfg = Debug|Any CPU
		{30C0231C-C4A1-45C1-BD4A-5C5F4BFC5024}.Debug|Any CPU.Build.0 = Debug|Any CPU
		{30C0231C-C4A1-45C1-BD4A-5C5F4BFC5024}.Release|Any CPU.ActiveCfg = Release|Any CPU
		{30C0231C-C4A1-45C1-BD4A-5C5F4BFC5024}.Release|Any CPU.Build.0 = Release|Any CPU
	EndGlobalSection
	GlobalSection(SolutionProperties) = preSolution
		HideSolutionNode = FALSE
	EndGlobalSection
	GlobalSection(NestedProjects) = preSolution
		{BCA56289-FBFF-4DCC-B7D6-E9951EA74CDC} = {296E48EB-225B-48D7-B0AB-07ED32E94011}
		{25F35F19-639C-4DF8-B705-B458A86EF92F} = {296E48EB-225B-48D7-B0AB-07ED32E94011}
		{1E3378F8-29B5-41D4-9E2C-938D8B2678C4} = {5BD47B4F-0F2E-4376-A0D5-1B922B17CA38}
		{30C0231C-C4A1-45C1-BD4A-5C5F4BFC5024} = {36C5B3E2-A9C0-4E09-AD17-907675035A9C}
	EndGlobalSection
	GlobalSection(ExtensibilityGlobals) = postSolution
		SolutionGuid = {7AACE7E5-2716-4C75-88AB-54591A120000}
	EndGlobalSection
EndGlobal
