
Microsoft Visual Studio Solution File, Format Version 12.00
# Visual Studio 15
VisualStudioVersion = 15.0.26730.16
MinimumVisualStudioVersion = 10.0.40219.1
Project("{FAE04EC0-301F-11D3-BF4B-00C04F79EFBC}") = "ProductSpider.CLI", "ProductSpider.CLI\ProductSpider.CLI.csproj", "{2CBC890A-1A62-4C9D-A4D3-F273AEB69E7D}"
	ProjectSection(ProjectDependencies) = postProject
		{E757765F-28E5-4BF9-9120-F3FD081F23AB} = {E757765F-28E5-4BF9-9120-F3FD081F23AB}
		{CCC20E6A-78C9-4AFC-B5BF-A9791FB065BE} = {CCC20E6A-78C9-4AFC-B5BF-A9791FB065BE}
	EndProjectSection
EndProject
Project("{FAE04EC0-301F-11D3-BF4B-00C04F79EFBC}") = "ProductSpider.Services", "ProductSpider.Services\ProductSpider.Services.csproj", "{AD78E8AA-EAD4-4B89-8E83-3D125A30E7B9}"
EndProject
Project("{FAE04EC0-301F-11D3-BF4B-00C04F79EFBC}") = "ProductSpider.Services.UnitTest", "ProductSpider.Services.UnitTest\ProductSpider.Services.UnitTest.csproj", "{CA47E9D8-6D37-4BB9-A7B9-2C05475C1AEF}"
EndProject
Project("{FAE04EC0-301F-11D3-BF4B-00C04F79EFBC}") = "ProductSpider.Models", "ProductSpider.Models\ProductSpider.Models.csproj", "{E757765F-28E5-4BF9-9120-F3FD081F23AB}"
EndProject
Project("{FAE04EC0-301F-11D3-BF4B-00C04F79EFBC}") = "ProductSpider.Clients", "ProductSpider.Clients\ProductSpider.Clients.csproj", "{CCC20E6A-78C9-4AFC-B5BF-A9791FB065BE}"
EndProject
Project("{2150E333-8FDC-42A3-9474-1A3956D46DE8}") = "Tests", "Tests", "{707E6F7F-CA42-4CB1-9AED-CEA3224BF52C}"
EndProject
Project("{2150E333-8FDC-42A3-9474-1A3956D46DE8}") = "Services", "Services", "{3B1EE523-A044-4A04-B022-4167744A9D2E}"
EndProject
Project("{2150E333-8FDC-42A3-9474-1A3956D46DE8}") = "Clients", "Clients", "{AD2114A5-0E38-4C51-8D02-881FF4BDBFA4}"
EndProject
Global
	GlobalSection(SolutionConfigurationPlatforms) = preSolution
		Debug|Any CPU = Debug|Any CPU
		Release|Any CPU = Release|Any CPU
	EndGlobalSection
	GlobalSection(ProjectConfigurationPlatforms) = postSolution
		{2CBC890A-1A62-4C9D-A4D3-F273AEB69E7D}.Debug|Any CPU.ActiveCfg = Debug|Any CPU
		{2CBC890A-1A62-4C9D-A4D3-F273AEB69E7D}.Debug|Any CPU.Build.0 = Debug|Any CPU
		{2CBC890A-1A62-4C9D-A4D3-F273AEB69E7D}.Release|Any CPU.ActiveCfg = Release|Any CPU
		{2CBC890A-1A62-4C9D-A4D3-F273AEB69E7D}.Release|Any CPU.Build.0 = Release|Any CPU
		{AD78E8AA-EAD4-4B89-8E83-3D125A30E7B9}.Debug|Any CPU.ActiveCfg = Debug|Any CPU
		{AD78E8AA-EAD4-4B89-8E83-3D125A30E7B9}.Debug|Any CPU.Build.0 = Debug|Any CPU
		{AD78E8AA-EAD4-4B89-8E83-3D125A30E7B9}.Release|Any CPU.ActiveCfg = Release|Any CPU
		{AD78E8AA-EAD4-4B89-8E83-3D125A30E7B9}.Release|Any CPU.Build.0 = Release|Any CPU
		{CA47E9D8-6D37-4BB9-A7B9-2C05475C1AEF}.Debug|Any CPU.ActiveCfg = Debug|Any CPU
		{CA47E9D8-6D37-4BB9-A7B9-2C05475C1AEF}.Debug|Any CPU.Build.0 = Debug|Any CPU
		{CA47E9D8-6D37-4BB9-A7B9-2C05475C1AEF}.Release|Any CPU.ActiveCfg = Release|Any CPU
		{CA47E9D8-6D37-4BB9-A7B9-2C05475C1AEF}.Release|Any CPU.Build.0 = Release|Any CPU
		{E757765F-28E5-4BF9-9120-F3FD081F23AB}.Debug|Any CPU.ActiveCfg = Debug|Any CPU
		{E757765F-28E5-4BF9-9120-F3FD081F23AB}.Debug|Any CPU.Build.0 = Debug|Any CPU
		{E757765F-28E5-4BF9-9120-F3FD081F23AB}.Release|Any CPU.ActiveCfg = Release|Any CPU
		{E757765F-28E5-4BF9-9120-F3FD081F23AB}.Release|Any CPU.Build.0 = Release|Any CPU
		{CCC20E6A-78C9-4AFC-B5BF-A9791FB065BE}.Debug|Any CPU.ActiveCfg = Debug|Any CPU
		{CCC20E6A-78C9-4AFC-B5BF-A9791FB065BE}.Debug|Any CPU.Build.0 = Debug|Any CPU
		{CCC20E6A-78C9-4AFC-B5BF-A9791FB065BE}.Release|Any CPU.ActiveCfg = Release|Any CPU
		{CCC20E6A-78C9-4AFC-B5BF-A9791FB065BE}.Release|Any CPU.Build.0 = Release|Any CPU
	EndGlobalSection
	GlobalSection(SolutionProperties) = preSolution
		HideSolutionNode = FALSE
	EndGlobalSection
	GlobalSection(NestedProjects) = preSolution
		{AD78E8AA-EAD4-4B89-8E83-3D125A30E7B9} = {3B1EE523-A044-4A04-B022-4167744A9D2E}
		{CA47E9D8-6D37-4BB9-A7B9-2C05475C1AEF} = {707E6F7F-CA42-4CB1-9AED-CEA3224BF52C}
		{E757765F-28E5-4BF9-9120-F3FD081F23AB} = {3B1EE523-A044-4A04-B022-4167744A9D2E}
		{CCC20E6A-78C9-4AFC-B5BF-A9791FB065BE} = {AD2114A5-0E38-4C51-8D02-881FF4BDBFA4}
	EndGlobalSection
	GlobalSection(ExtensibilityGlobals) = postSolution
		SolutionGuid = {958BC34D-12DE-4562-B60B-9105A07069AA}
	EndGlobalSection
EndGlobal
